{
  "version": 4,
  "terraform_version": "1.5.0",
  "serial": 51,
  "lineage": "b20cbbdc-1ddc-a934-2f1c-7cf2f85dd4ac",
  "outputs": {},
  "resources": [
    {
      "module": "module.security",
      "mode": "managed",
      "type": "aws_iam_user",
      "name": "aws_cci_user",
      "provider": "provider[\"registry.terraform.io/hashicorp/aws\"]",
      "instances": [
        {
          "schema_version": 0,
          "attributes": {
            "arn": "arn:aws:iam::716635345492:user/gc-test-cci",
            "force_destroy": false,
            "id": "gc-test-cci",
            "name": "gc-test-cci",
            "path": "/",
            "permissions_boundary": null,
            "tags": {},
            "tags_all": {},
            "unique_id": "AIDA2NWWLSJKIUBLLWFVR"
          },
          "sensitive_attributes": [],
          "private": "bnVsbA=="
        }
      ]
    }
  ],
  "check_results": null
}
