{
  "version": 4,
  "terraform_version": "1.5.0",
  "serial": 92,
  "lineage": "b20cbbdc-1ddc-a934-2f1c-7cf2f85dd4ac",
  "outputs": {},
  "resources": [
    {
      "module": "module.circleci",
      "mode": "data",
      "type": "local_file",
      "name": "cci_data",
      "provider": "provider[\"registry.terraform.io/hashicorp/local\"]",
      "instances": [
        {
          "schema_version": 0,
          "attributes": {
            "content": "{\n  \"api-key\":\"CCIPAT_YbDSEA4zWxoz1frkkD4uEZ_f00bba3ccf3041b46305d61d49f383b3a34b0c79\",\n  \"organization\": \"guschiriboga\"\n}",
            "content_base64": "ewogICJhcGkta2V5IjoiQ0NJUEFUX1liRFNFQTR6V3hvejFmcmtrRDR1RVpfZjAwYmJhM2NjZjMwNDFiNDYzMDVkNjFkNDlmMzgzYjNhMzRiMGM3OSIsCiAgIm9yZ2FuaXphdGlvbiI6ICJndXNjaGlyaWJvZ2EiCn0=",
            "content_base64sha256": "gK+Z9WNF51+EVikp88X82smtQk0Bw5QDnyvrO4M+ihs=",
            "content_base64sha512": "gy6W1lxjrdJzFnDQMV7PZP3C+I42FpPkFaTnsX/FOpKCs2v+9G7hQK1imj2g6m4WlF2tVqyrhMHl7mkFYm5ryA==",
            "content_md5": "b9902bafda977ba98490e603a1884aaf",
            "content_sha1": "6f8a0faad0a30832ee5a91e7b221ce14a6210ba6",
            "content_sha256": "80af99f56345e75f84562929f3c5fcdac9ad424d01c394039f2beb3b833e8a1b",
            "content_sha512": "832e96d65c63add2731670d0315ecf64fdc2f88e361693e415a4e7b17fc53a9282b36bfef46ee140ad629a3da0ea6e16945dad56acab84c1e5ee6905626e6bc8",
            "filename": "./circleci_data.json",
            "id": "6f8a0faad0a30832ee5a91e7b221ce14a6210ba6"
          },
          "sensitive_attributes": []
        }
      ]
    },
    {
      "module": "module.circleci",
      "mode": "managed",
      "type": "circleci_environment_variable",
      "name": "aws_ecr_registry_id",
      "provider": "module.circleci.provider[\"registry.terraform.io/mrolla/circleci\"]",
      "instances": [
        {
          "schema_version": 1,
          "attributes": {
            "id": "guschiriboga.java-demo.AWS_ECR_REGISTRY_ID",
            "name": "AWS_ECR_REGISTRY_ID",
            "organization": null,
            "project": "java-demo",
            "timeouts": null,
            "value": "fHOUgfLSBsbolT3EAWKYVAKOv4MkwGfJ6UHvCuu1BYo="
          },
          "sensitive_attributes": [],
          "private": "eyJlMmJmYjczMC1lY2FhLTExZTYtOGY4OC0zNDM2M2JjN2M0YzAiOnsiY3JlYXRlIjozMDAwMDAwMDAwMDAsImRlbGV0ZSI6MzAwMDAwMDAwMDAwfSwic2NoZW1hX3ZlcnNpb24iOiIxIn0=",
          "dependencies": [
            "module.circleci.data.local_file.cci_data",
            "module.ecr.aws_ecr_repository.backend_repo"
          ]
        }
      ]
    },
    {
      "module": "module.circleci",
      "mode": "managed",
      "type": "circleci_environment_variable",
      "name": "aws_ecr_registry_name",
      "provider": "module.circleci.provider[\"registry.terraform.io/mrolla/circleci\"]",
      "instances": [
        {
          "schema_version": 1,
          "attributes": {
            "id": "guschiriboga.java-demo.AWS_ECR_REGISTRY_NAME",
            "name": "AWS_ECR_REGISTRY_NAME",
            "organization": null,
            "project": "java-demo",
            "timeouts": null,
            "value": "BMn1nAWz79yChsSIf5Q+VcxZRa2V8IuVPWDbD6YE3mk="
          },
          "sensitive_attributes": [],
          "private": "eyJlMmJmYjczMC1lY2FhLTExZTYtOGY4OC0zNDM2M2JjN2M0YzAiOnsiY3JlYXRlIjozMDAwMDAwMDAwMDAsImRlbGV0ZSI6MzAwMDAwMDAwMDAwfSwic2NoZW1hX3ZlcnNpb24iOiIxIn0=",
          "dependencies": [
            "module.circleci.data.local_file.cci_data"
          ]
        }
      ]
    },
    {
      "module": "module.circleci",
      "mode": "managed",
      "type": "circleci_environment_variable",
      "name": "aws_region",
      "provider": "module.circleci.provider[\"registry.terraform.io/mrolla/circleci\"]",
      "instances": [
        {
          "schema_version": 1,
          "attributes": {
            "id": "guschiriboga.java-demo.AWS_REGION",
            "name": "AWS_REGION",
            "organization": null,
            "project": "java-demo",
            "timeouts": null,
            "value": "2MDQY3d11XkkLxMbEdR66TpYD58Bg9sN8+ho0CQEBuU="
          },
          "sensitive_attributes": [],
          "private": "eyJlMmJmYjczMC1lY2FhLTExZTYtOGY4OC0zNDM2M2JjN2M0YzAiOnsiY3JlYXRlIjozMDAwMDAwMDAwMDAsImRlbGV0ZSI6MzAwMDAwMDAwMDAwfSwic2NoZW1hX3ZlcnNpb24iOiIxIn0=",
          "dependencies": [
            "module.circleci.data.local_file.cci_data"
          ]
        }
      ]
    },
    {
      "module": "module.ecr",
      "mode": "managed",
      "type": "aws_ecr_repository",
      "name": "backend_repo",
      "provider": "provider[\"registry.terraform.io/hashicorp/aws\"]",
      "instances": [
        {
          "schema_version": 0,
          "attributes": {
            "arn": "arn:aws:ecr:us-west-2:716635345492:repository/iap-tmp-backend",
            "encryption_configuration": [
              {
                "encryption_type": "AES256",
                "kms_key": ""
              }
            ],
            "force_delete": true,
            "id": "iap-tmp-backend",
            "image_scanning_configuration": [
              {
                "scan_on_push": true
              }
            ],
            "image_tag_mutability": "MUTABLE",
            "name": "iap-tmp-backend",
            "registry_id": "716635345492",
            "repository_url": "716635345492.dkr.ecr.us-west-2.amazonaws.com/iap-tmp-backend",
            "tags": {},
            "tags_all": {},
            "timeouts": null
          },
          "sensitive_attributes": [],
          "private": "eyJlMmJmYjczMC1lY2FhLTExZTYtOGY4OC0zNDM2M2JjN2M0YzAiOnsiZGVsZXRlIjoxMjAwMDAwMDAwMDAwfX0="
        }
      ]
    },
    {
      "module": "module.network",
      "mode": "data",
      "type": "aws_availability_zones",
      "name": "available_zones",
      "provider": "provider[\"registry.terraform.io/hashicorp/aws\"]",
      "instances": [
        {
          "schema_version": 0,
          "attributes": {
            "all_availability_zones": null,
            "exclude_names": null,
            "exclude_zone_ids": null,
            "filter": null,
            "group_names": [
              "us-west-2"
            ],
            "id": "us-west-2",
            "names": [
              "us-west-2a",
              "us-west-2b",
              "us-west-2c",
              "us-west-2d"
            ],
            "state": "available",
            "timeouts": null,
            "zone_ids": [
              "usw2-az2",
              "usw2-az1",
              "usw2-az3",
              "usw2-az4"
            ]
          },
          "sensitive_attributes": []
        }
      ]
    },
    {
      "module": "module.network",
      "mode": "managed",
      "type": "aws_internet_gateway",
      "name": "internet_gateway",
      "provider": "provider[\"registry.terraform.io/hashicorp/aws\"]",
      "instances": [
        {
          "schema_version": 0,
          "attributes": {
            "arn": "arn:aws:ec2:us-west-2:716635345492:internet-gateway/igw-0b5ead3bdb854d8d3",
            "id": "igw-0b5ead3bdb854d8d3",
            "owner_id": "716635345492",
            "tags": {},
            "tags_all": {},
            "timeouts": null,
            "vpc_id": "vpc-0695f0c8e9a773aec"
          },
          "sensitive_attributes": [],
          "private": "eyJlMmJmYjczMC1lY2FhLTExZTYtOGY4OC0zNDM2M2JjN2M0YzAiOnsiY3JlYXRlIjoxMjAwMDAwMDAwMDAwLCJkZWxldGUiOjEyMDAwMDAwMDAwMDAsInVwZGF0ZSI6MTIwMDAwMDAwMDAwMH19",
          "dependencies": [
            "module.network.aws_vpc.vpc"
          ]
        }
      ]
    },
    {
      "module": "module.network",
      "mode": "managed",
      "type": "aws_route_table",
      "name": "public_subnet_route_table",
      "provider": "provider[\"registry.terraform.io/hashicorp/aws\"]",
      "instances": [
        {
          "schema_version": 0,
          "attributes": {
            "arn": "arn:aws:ec2:us-west-2:716635345492:route-table/rtb-0eef18d37ba7239ed",
            "id": "rtb-0eef18d37ba7239ed",
            "owner_id": "716635345492",
            "propagating_vgws": [],
            "route": [
              {
                "carrier_gateway_id": "",
                "cidr_block": "0.0.0.0/0",
                "core_network_arn": "",
                "destination_prefix_list_id": "",
                "egress_only_gateway_id": "",
                "gateway_id": "igw-0b5ead3bdb854d8d3",
                "ipv6_cidr_block": "",
                "local_gateway_id": "",
                "nat_gateway_id": "",
                "network_interface_id": "",
                "transit_gateway_id": "",
                "vpc_endpoint_id": "",
                "vpc_peering_connection_id": ""
              }
            ],
            "tags": {},
            "tags_all": {},
            "timeouts": null,
            "vpc_id": "vpc-0695f0c8e9a773aec"
          },
          "sensitive_attributes": [],
          "private": "eyJlMmJmYjczMC1lY2FhLTExZTYtOGY4OC0zNDM2M2JjN2M0YzAiOnsiY3JlYXRlIjozMDAwMDAwMDAwMDAsImRlbGV0ZSI6MzAwMDAwMDAwMDAwLCJ1cGRhdGUiOjEyMDAwMDAwMDAwMH19",
          "dependencies": [
            "module.network.aws_internet_gateway.internet_gateway",
            "module.network.aws_vpc.vpc"
          ]
        }
      ]
    },
    {
      "module": "module.network",
      "mode": "managed",
      "type": "aws_route_table_association",
      "name": "public_subnet_route_table_asso",
      "provider": "provider[\"registry.terraform.io/hashicorp/aws\"]",
      "instances": [
        {
          "index_key": 0,
          "schema_version": 0,
          "attributes": {
            "gateway_id": "",
            "id": "rtbassoc-076b07902f0ed9fe9",
            "route_table_id": "rtb-0eef18d37ba7239ed",
            "subnet_id": "subnet-0a151603234917374",
            "timeouts": null
          },
          "sensitive_attributes": [],
          "private": "eyJlMmJmYjczMC1lY2FhLTExZTYtOGY4OC0zNDM2M2JjN2M0YzAiOnsiY3JlYXRlIjozMDAwMDAwMDAwMDAsImRlbGV0ZSI6MzAwMDAwMDAwMDAwLCJ1cGRhdGUiOjEyMDAwMDAwMDAwMH19",
          "dependencies": [
            "module.network.aws_internet_gateway.internet_gateway",
            "module.network.aws_route_table.public_subnet_route_table",
            "module.network.aws_subnet.public_subnet",
            "module.network.aws_vpc.vpc",
            "module.network.data.aws_availability_zones.available_zones"
          ]
        },
        {
          "index_key": 1,
          "schema_version": 0,
          "attributes": {
            "gateway_id": "",
            "id": "rtbassoc-0ee677dca43c7156b",
            "route_table_id": "rtb-0eef18d37ba7239ed",
            "subnet_id": "subnet-08e50f32bc315b40e",
            "timeouts": null
          },
          "sensitive_attributes": [],
          "private": "eyJlMmJmYjczMC1lY2FhLTExZTYtOGY4OC0zNDM2M2JjN2M0YzAiOnsiY3JlYXRlIjozMDAwMDAwMDAwMDAsImRlbGV0ZSI6MzAwMDAwMDAwMDAwLCJ1cGRhdGUiOjEyMDAwMDAwMDAwMH19",
          "dependencies": [
            "module.network.aws_internet_gateway.internet_gateway",
            "module.network.aws_route_table.public_subnet_route_table",
            "module.network.aws_subnet.public_subnet",
            "module.network.aws_vpc.vpc",
            "module.network.data.aws_availability_zones.available_zones"
          ]
        }
      ]
    },
    {
      "module": "module.network",
      "mode": "managed",
      "type": "aws_subnet",
      "name": "private_subnet",
      "provider": "provider[\"registry.terraform.io/hashicorp/aws\"]",
      "instances": [
        {
          "index_key": 0,
          "schema_version": 1,
          "attributes": {
            "arn": "arn:aws:ec2:us-west-2:716635345492:subnet/subnet-02f1b9ab7b5a59609",
            "assign_ipv6_address_on_creation": false,
            "availability_zone": "us-west-2a",
            "availability_zone_id": "usw2-az2",
            "cidr_block": "10.77.2.0/24",
            "customer_owned_ipv4_pool": "",
            "enable_dns64": false,
            "enable_lni_at_device_index": 0,
            "enable_resource_name_dns_a_record_on_launch": false,
            "enable_resource_name_dns_aaaa_record_on_launch": false,
            "id": "subnet-02f1b9ab7b5a59609",
            "ipv6_cidr_block": "",
            "ipv6_cidr_block_association_id": "",
            "ipv6_native": false,
            "map_customer_owned_ip_on_launch": false,
            "map_public_ip_on_launch": false,
            "outpost_arn": "",
            "owner_id": "716635345492",
            "private_dns_hostname_type_on_launch": "ip-name",
            "tags": {
              "Name": "iap-tmp-private-subnet"
            },
            "tags_all": {
              "Name": "iap-tmp-private-subnet"
            },
            "timeouts": null,
            "vpc_id": "vpc-0695f0c8e9a773aec"
          },
          "sensitive_attributes": [],
          "private": "eyJlMmJmYjczMC1lY2FhLTExZTYtOGY4OC0zNDM2M2JjN2M0YzAiOnsiY3JlYXRlIjo2MDAwMDAwMDAwMDAsImRlbGV0ZSI6MTIwMDAwMDAwMDAwMH0sInNjaGVtYV92ZXJzaW9uIjoiMSJ9",
          "dependencies": [
            "module.network.aws_vpc.vpc",
            "module.network.data.aws_availability_zones.available_zones"
          ]
        },
        {
          "index_key": 1,
          "schema_version": 1,
          "attributes": {
            "arn": "arn:aws:ec2:us-west-2:716635345492:subnet/subnet-0dd76f0afe7439fd4",
            "assign_ipv6_address_on_creation": false,
            "availability_zone": "us-west-2b",
            "availability_zone_id": "usw2-az1",
            "cidr_block": "10.77.3.0/24",
            "customer_owned_ipv4_pool": "",
            "enable_dns64": false,
            "enable_lni_at_device_index": 0,
            "enable_resource_name_dns_a_record_on_launch": false,
            "enable_resource_name_dns_aaaa_record_on_launch": false,
            "id": "subnet-0dd76f0afe7439fd4",
            "ipv6_cidr_block": "",
            "ipv6_cidr_block_association_id": "",
            "ipv6_native": false,
            "map_customer_owned_ip_on_launch": false,
            "map_public_ip_on_launch": false,
            "outpost_arn": "",
            "owner_id": "716635345492",
            "private_dns_hostname_type_on_launch": "ip-name",
            "tags": {
              "Name": "iap-tmp-private-subnet"
            },
            "tags_all": {
              "Name": "iap-tmp-private-subnet"
            },
            "timeouts": null,
            "vpc_id": "vpc-0695f0c8e9a773aec"
          },
          "sensitive_attributes": [],
          "private": "eyJlMmJmYjczMC1lY2FhLTExZTYtOGY4OC0zNDM2M2JjN2M0YzAiOnsiY3JlYXRlIjo2MDAwMDAwMDAwMDAsImRlbGV0ZSI6MTIwMDAwMDAwMDAwMH0sInNjaGVtYV92ZXJzaW9uIjoiMSJ9",
          "dependencies": [
            "module.network.aws_vpc.vpc",
            "module.network.data.aws_availability_zones.available_zones"
          ]
        }
      ]
    },
    {
      "module": "module.network",
      "mode": "managed",
      "type": "aws_subnet",
      "name": "public_subnet",
      "provider": "provider[\"registry.terraform.io/hashicorp/aws\"]",
      "instances": [
        {
          "index_key": 0,
          "schema_version": 1,
          "attributes": {
            "arn": "arn:aws:ec2:us-west-2:716635345492:subnet/subnet-0a151603234917374",
            "assign_ipv6_address_on_creation": false,
            "availability_zone": "us-west-2a",
            "availability_zone_id": "usw2-az2",
            "cidr_block": "10.77.0.0/24",
            "customer_owned_ipv4_pool": "",
            "enable_dns64": false,
            "enable_lni_at_device_index": 0,
            "enable_resource_name_dns_a_record_on_launch": false,
            "enable_resource_name_dns_aaaa_record_on_launch": false,
            "id": "subnet-0a151603234917374",
            "ipv6_cidr_block": "",
            "ipv6_cidr_block_association_id": "",
            "ipv6_native": false,
            "map_customer_owned_ip_on_launch": false,
            "map_public_ip_on_launch": true,
            "outpost_arn": "",
            "owner_id": "716635345492",
            "private_dns_hostname_type_on_launch": "ip-name",
            "tags": {
              "Name": "iap-tmp-public-subnet"
            },
            "tags_all": {
              "Name": "iap-tmp-public-subnet"
            },
            "timeouts": null,
            "vpc_id": "vpc-0695f0c8e9a773aec"
          },
          "sensitive_attributes": [],
          "private": "eyJlMmJmYjczMC1lY2FhLTExZTYtOGY4OC0zNDM2M2JjN2M0YzAiOnsiY3JlYXRlIjo2MDAwMDAwMDAwMDAsImRlbGV0ZSI6MTIwMDAwMDAwMDAwMH0sInNjaGVtYV92ZXJzaW9uIjoiMSJ9",
          "dependencies": [
            "module.network.aws_vpc.vpc",
            "module.network.data.aws_availability_zones.available_zones"
          ]
        },
        {
          "index_key": 1,
          "schema_version": 1,
          "attributes": {
            "arn": "arn:aws:ec2:us-west-2:716635345492:subnet/subnet-08e50f32bc315b40e",
            "assign_ipv6_address_on_creation": false,
            "availability_zone": "us-west-2b",
            "availability_zone_id": "usw2-az1",
            "cidr_block": "10.77.1.0/24",
            "customer_owned_ipv4_pool": "",
            "enable_dns64": false,
            "enable_lni_at_device_index": 0,
            "enable_resource_name_dns_a_record_on_launch": false,
            "enable_resource_name_dns_aaaa_record_on_launch": false,
            "id": "subnet-08e50f32bc315b40e",
            "ipv6_cidr_block": "",
            "ipv6_cidr_block_association_id": "",
            "ipv6_native": false,
            "map_customer_owned_ip_on_launch": false,
            "map_public_ip_on_launch": true,
            "outpost_arn": "",
            "owner_id": "716635345492",
            "private_dns_hostname_type_on_launch": "ip-name",
            "tags": {
              "Name": "iap-tmp-public-subnet"
            },
            "tags_all": {
              "Name": "iap-tmp-public-subnet"
            },
            "timeouts": null,
            "vpc_id": "vpc-0695f0c8e9a773aec"
          },
          "sensitive_attributes": [],
          "private": "eyJlMmJmYjczMC1lY2FhLTExZTYtOGY4OC0zNDM2M2JjN2M0YzAiOnsiY3JlYXRlIjo2MDAwMDAwMDAwMDAsImRlbGV0ZSI6MTIwMDAwMDAwMDAwMH0sInNjaGVtYV92ZXJzaW9uIjoiMSJ9",
          "dependencies": [
            "module.network.aws_vpc.vpc",
            "module.network.data.aws_availability_zones.available_zones"
          ]
        }
      ]
    },
    {
      "module": "module.network",
      "mode": "managed",
      "type": "aws_vpc",
      "name": "vpc",
      "provider": "provider[\"registry.terraform.io/hashicorp/aws\"]",
      "instances": [
        {
          "schema_version": 1,
          "attributes": {
            "arn": "arn:aws:ec2:us-west-2:716635345492:vpc/vpc-0695f0c8e9a773aec",
            "assign_generated_ipv6_cidr_block": false,
            "cidr_block": "10.77.0.0/16",
            "default_network_acl_id": "acl-0d81ba860ec9aeee1",
            "default_route_table_id": "rtb-0b962b61a93f69da9",
            "default_security_group_id": "sg-01153efd49d14cf2e",
            "dhcp_options_id": "dopt-d19117a9",
            "enable_dns_hostnames": true,
            "enable_dns_support": true,
            "enable_network_address_usage_metrics": false,
            "id": "vpc-0695f0c8e9a773aec",
            "instance_tenancy": "default",
            "ipv4_ipam_pool_id": null,
            "ipv4_netmask_length": null,
            "ipv6_association_id": "",
            "ipv6_cidr_block": "",
            "ipv6_cidr_block_network_border_group": "",
            "ipv6_ipam_pool_id": "",
            "ipv6_netmask_length": 0,
            "main_route_table_id": "rtb-0b962b61a93f69da9",
            "owner_id": "716635345492",
            "tags": {
              "Name": "iap-tmp-vpc"
            },
            "tags_all": {
              "Name": "iap-tmp-vpc"
            }
          },
          "sensitive_attributes": [],
          "private": "eyJzY2hlbWFfdmVyc2lvbiI6IjEifQ=="
        }
      ]
    },
    {
      "module": "module.security",
      "mode": "managed",
      "type": "aws_iam_policy",
      "name": "cci_user_policy",
      "provider": "provider[\"registry.terraform.io/hashicorp/aws\"]",
      "instances": [
        {
          "schema_version": 0,
          "attributes": {
            "arn": "arn:aws:iam::716635345492:policy/iap-tmp-cci-user",
            "description": "",
            "id": "arn:aws:iam::716635345492:policy/iap-tmp-cci-user",
            "name": "iap-tmp-cci-user",
            "name_prefix": "",
            "path": "/",
            "policy": "{\"Statement\":[{\"Action\":\"*\",\"Effect\":\"Allow\",\"Resource\":\"*\"}],\"Version\":\"2012-10-17\"}",
            "policy_id": "ANPA2NWWLSJKDPKYRSXFM",
            "tags": {},
            "tags_all": {}
          },
          "sensitive_attributes": [],
          "private": "bnVsbA=="
        }
      ]
    },
    {
      "module": "module.security",
      "mode": "managed",
      "type": "aws_iam_user",
      "name": "aws_cci_user",
      "provider": "provider[\"registry.terraform.io/hashicorp/aws\"]",
      "instances": [
        {
          "schema_version": 0,
          "attributes": {
            "arn": "arn:aws:iam::716635345492:user/iap-tmp-cci",
            "force_destroy": true,
            "id": "iap-tmp-cci",
            "name": "iap-tmp-cci",
            "path": "/",
            "permissions_boundary": null,
            "tags": {},
            "tags_all": {},
            "unique_id": "AIDA2NWWLSJKGGKXWAUS4"
          },
          "sensitive_attributes": [],
          "private": "bnVsbA=="
        }
      ]
    },
    {
      "module": "module.security",
      "mode": "managed",
      "type": "aws_iam_user_policy",
      "name": "aws_user_policy_circleci",
      "provider": "provider[\"registry.terraform.io/hashicorp/aws\"]",
      "instances": [
        {
          "schema_version": 0,
          "attributes": {
            "id": "iap-tmp-cci:iap-tmp-cci-user",
            "name": "iap-tmp-cci-user",
            "name_prefix": null,
            "policy": "{\"Version\":\"2012-10-17\",\"Statement\":[{\"Action\":\"*\",\"Effect\":\"Allow\",\"Resource\":\"*\"}]}",
            "user": "iap-tmp-cci"
          },
          "sensitive_attributes": [],
          "private": "bnVsbA==",
          "dependencies": [
            "module.security.aws_iam_policy.cci_user_policy",
            "module.security.aws_iam_user.aws_cci_user"
          ]
        }
      ]
    }
  ],
  "check_results": null
}
