{
  "version": 4,
  "terraform_version": "1.5.0",
  "serial": 104,
  "lineage": "b20cbbdc-1ddc-a934-2f1c-7cf2f85dd4ac",
  "outputs": {},
  "resources": [
    {
      "module": "module.circleci",
      "mode": "data",
      "type": "local_file",
      "name": "cci_data",
      "provider": "provider[\"registry.terraform.io/hashicorp/local\"]",
      "instances": [
        {
          "schema_version": 0,
          "attributes": {
            "content": "{\n  \"api-key\":\"CCIPAT_YbDSEA4zWxoz1frkkD4uEZ_f00bba3ccf3041b46305d61d49f383b3a34b0c79\",\n  \"organization\": \"guschiriboga\"\n}",
            "content_base64": "ewogICJhcGkta2V5IjoiQ0NJUEFUX1liRFNFQTR6V3hvejFmcmtrRDR1RVpfZjAwYmJhM2NjZjMwNDFiNDYzMDVkNjFkNDlmMzgzYjNhMzRiMGM3OSIsCiAgIm9yZ2FuaXphdGlvbiI6ICJndXNjaGlyaWJvZ2EiCn0=",
            "content_base64sha256": "gK+Z9WNF51+EVikp88X82smtQk0Bw5QDnyvrO4M+ihs=",
            "content_base64sha512": "gy6W1lxjrdJzFnDQMV7PZP3C+I42FpPkFaTnsX/FOpKCs2v+9G7hQK1imj2g6m4WlF2tVqyrhMHl7mkFYm5ryA==",
            "content_md5": "b9902bafda977ba98490e603a1884aaf",
            "content_sha1": "6f8a0faad0a30832ee5a91e7b221ce14a6210ba6",
            "content_sha256": "80af99f56345e75f84562929f3c5fcdac9ad424d01c394039f2beb3b833e8a1b",
            "content_sha512": "832e96d65c63add2731670d0315ecf64fdc2f88e361693e415a4e7b17fc53a9282b36bfef46ee140ad629a3da0ea6e16945dad56acab84c1e5ee6905626e6bc8",
            "filename": "./circleci_data.json",
            "id": "6f8a0faad0a30832ee5a91e7b221ce14a6210ba6"
          },
          "sensitive_attributes": []
        }
      ]
    },
    {
      "module": "module.circleci",
      "mode": "managed",
      "type": "circleci_environment_variable",
      "name": "aws_ecr_registry_id",
      "provider": "module.circleci.provider[\"registry.terraform.io/mrolla/circleci\"]",
      "instances": [
        {
          "schema_version": 1,
          "attributes": {
            "id": "guschiriboga.java-demo.AWS_ECR_REGISTRY_ID",
            "name": "AWS_ECR_REGISTRY_ID",
            "organization": null,
            "project": "java-demo",
            "timeouts": null,
            "value": "fHOUgfLSBsbolT3EAWKYVAKOv4MkwGfJ6UHvCuu1BYo="
          },
          "sensitive_attributes": [],
          "private": "eyJlMmJmYjczMC1lY2FhLTExZTYtOGY4OC0zNDM2M2JjN2M0YzAiOnsiY3JlYXRlIjozMDAwMDAwMDAwMDAsImRlbGV0ZSI6MzAwMDAwMDAwMDAwfSwic2NoZW1hX3ZlcnNpb24iOiIxIn0=",
          "dependencies": [
            "module.circleci.data.local_file.cci_data",
            "module.ecr.aws_ecr_repository.backend_repo"
          ]
        }
      ]
    },
    {
      "module": "module.circleci",
      "mode": "managed",
      "type": "circleci_environment_variable",
      "name": "aws_ecr_registry_name",
      "provider": "module.circleci.provider[\"registry.terraform.io/mrolla/circleci\"]",
      "instances": [
        {
          "schema_version": 1,
          "attributes": {
            "id": "guschiriboga.java-demo.AWS_ECR_REGISTRY_NAME",
            "name": "AWS_ECR_REGISTRY_NAME",
            "organization": null,
            "project": "java-demo",
            "timeouts": null,
            "value": "BMn1nAWz79yChsSIf5Q+VcxZRa2V8IuVPWDbD6YE3mk="
          },
          "sensitive_attributes": [],
          "private": "eyJlMmJmYjczMC1lY2FhLTExZTYtOGY4OC0zNDM2M2JjN2M0YzAiOnsiY3JlYXRlIjozMDAwMDAwMDAwMDAsImRlbGV0ZSI6MzAwMDAwMDAwMDAwfSwic2NoZW1hX3ZlcnNpb24iOiIxIn0=",
          "dependencies": [
            "module.circleci.data.local_file.cci_data"
          ]
        }
      ]
    },
    {
      "module": "module.circleci",
      "mode": "managed",
      "type": "circleci_environment_variable",
      "name": "aws_region",
      "provider": "module.circleci.provider[\"registry.terraform.io/mrolla/circleci\"]",
      "instances": [
        {
          "schema_version": 1,
          "attributes": {
            "id": "guschiriboga.java-demo.AWS_REGION",
            "name": "AWS_REGION",
            "organization": null,
            "project": "java-demo",
            "timeouts": null,
            "value": "2MDQY3d11XkkLxMbEdR66TpYD58Bg9sN8+ho0CQEBuU="
          },
          "sensitive_attributes": [],
          "private": "eyJlMmJmYjczMC1lY2FhLTExZTYtOGY4OC0zNDM2M2JjN2M0YzAiOnsiY3JlYXRlIjozMDAwMDAwMDAwMDAsImRlbGV0ZSI6MzAwMDAwMDAwMDAwfSwic2NoZW1hX3ZlcnNpb24iOiIxIn0=",
          "dependencies": [
            "module.circleci.data.local_file.cci_data"
          ]
        }
      ]
    },
    {
      "module": "module.ecr",
      "mode": "managed",
      "type": "aws_ecr_repository",
      "name": "backend_repo",
      "provider": "provider[\"registry.terraform.io/hashicorp/aws\"]",
      "instances": [
        {
          "schema_version": 0,
          "attributes": {
            "arn": "arn:aws:ecr:us-west-2:716635345492:repository/iap-tmp-backend",
            "encryption_configuration": [
              {
                "encryption_type": "AES256",
                "kms_key": ""
              }
            ],
            "force_delete": true,
            "id": "iap-tmp-backend",
            "image_scanning_configuration": [
              {
                "scan_on_push": true
              }
            ],
            "image_tag_mutability": "MUTABLE",
            "name": "iap-tmp-backend",
            "registry_id": "716635345492",
            "repository_url": "716635345492.dkr.ecr.us-west-2.amazonaws.com/iap-tmp-backend",
            "tags": {},
            "tags_all": {},
            "timeouts": null
          },
          "sensitive_attributes": [],
          "private": "eyJlMmJmYjczMC1lY2FhLTExZTYtOGY4OC0zNDM2M2JjN2M0YzAiOnsiZGVsZXRlIjoxMjAwMDAwMDAwMDAwfX0="
        }
      ]
    },
    {
      "module": "module.eks",
      "mode": "managed",
      "type": "aws_eks_cluster",
      "name": "eks",
      "provider": "provider[\"registry.terraform.io/hashicorp/aws\"]",
      "instances": [
        {
          "schema_version": 0,
          "attributes": {
            "arn": "arn:aws:eks:us-west-2:716635345492:cluster/iap-tmp-eks",
            "certificate_authority": [
              {
                "data": "LS0tLS1CRUdJTiBDRVJUSUZJQ0FURS0tLS0tCk1JSUMvakNDQWVhZ0F3SUJBZ0lCQURBTkJna3Foa2lHOXcwQkFRc0ZBREFWTVJNd0VRWURWUVFERXdwcmRXSmwKY201bGRHVnpNQjRYRFRJek1EY3hNakU1TWpFMU9Gb1hEVE16TURjd09URTVNakUxT0Zvd0ZURVRNQkVHQTFVRQpBeE1LYTNWaVpYSnVaWFJsY3pDQ0FTSXdEUVlKS29aSWh2Y05BUUVCQlFBRGdnRVBBRENDQVFvQ2dnRUJBT2FmCktKc0VGbDhaYmhBejJFSHNWY2RrYlhBb2NVYzE5cW83cnp1YUNxZUpxU0c0TkhhQ0JVTWI0RmJZVDhSUnVFUTMKaHRwQi9WUENkRXpOS2UzNkZ1enA1QjRLMDVOcXJYamIxbUVHOXN4Y1RKWHk2eFltRCtLTFVUL1ZMWXowOU1MdApsdWJ4dTRtckd6RzNvbVVsQXpuTDJ4dUJPUHIxSGlYdERNdWRTM0loRm05Zi82cmlZdDdUaUNVWms5OXlNeGpDCmM5TklhQS9FNG0wRUxhci9YYTFDRTJXNXpoRkd1RElETnNpUUlud3BFbXduUklsRTZqOCtuQnNNdFpHT1FMS0gKU0Z0MXNuOVE4YlNaZGtyUnRhcE11Wk9aVGdiWmdKemRFQzIwZExoYzI1YkVRZTlVWjVqWS8wZ2QxbHlYRnZPMwpxN2RJWXBQZnV2UFc2TTVUU3pNQ0F3RUFBYU5aTUZjd0RnWURWUjBQQVFIL0JBUURBZ0trTUE4R0ExVWRFd0VCCi93UUZNQU1CQWY4d0hRWURWUjBPQkJZRUZIRTNCaHNFc01RalBVak81UWpraVJDeGxqT0lNQlVHQTFVZEVRUU8KTUF5Q0NtdDFZbVZ5Ym1WMFpYTXdEUVlKS29aSWh2Y05BUUVMQlFBRGdnRUJBS2dMb2U0NWR1anF0bFJ1dzJrVQptWi9tempFR1ArL290SWdFQmZpNmRBSEdZM0ZCNC9SSlJSSUJEUVBrOVNPL2ZVLzRXdUYzM3pMMHpwRHJLOFNPCm81YzZLVzdITDh3ODc0Z0ZTWGp3THhvL0JDMWIxV05TU3NGcnkvQTVHdWNjeEVqL2wyTjJJNHZSZFB5clgraUQKK2hLV0ZhZXdYVGJRTUcvWkJ3SkhEM3VZZTcvSjZpeTJ1VUFmUkNMK25nMU9kOFNac0I1dElPbHAxcmcvdXg5SAppaGhCZk92Y3YwUENmZHlwQW5oYTZQN2RSQlRDb0x2bWFXUWd1NDVvYm5VY0VMdlAxWUlWVG9JSWFrb05pTWUvClJJdUFQdTJmTmM1UllGR3RmNU1Xc0hUQjNRWHlyUnh2cVFHdXBhWWZjOEIzVzJOM0RuR21Yc0s5MTVhRHVTRmsKdVRFPQotLS0tLUVORCBDRVJUSUZJQ0FURS0tLS0tCg=="
              }
            ],
            "cluster_id": null,
            "created_at": "2023-07-12 19:16:30.538 +0000 UTC",
            "enabled_cluster_log_types": null,
            "encryption_config": [],
            "endpoint": "https://D7E7BFCE31C798EE5EADCEB22E1B57FC.gr7.us-west-2.eks.amazonaws.com",
            "id": "iap-tmp-eks",
            "identity": [
              {
                "oidc": [
                  {
                    "issuer": "https://oidc.eks.us-west-2.amazonaws.com/id/D7E7BFCE31C798EE5EADCEB22E1B57FC"
                  }
                ]
              }
            ],
            "kubernetes_network_config": [
              {
                "ip_family": "ipv4",
                "service_ipv4_cidr": "172.20.0.0/16",
                "service_ipv6_cidr": ""
              }
            ],
            "name": "iap-tmp-eks",
            "outpost_config": [],
            "platform_version": "eks.3",
            "role_arn": "arn:aws:iam::716635345492:role/iap-tmp-eks-iam-role",
            "status": "ACTIVE",
            "tags": null,
            "tags_all": {},
            "timeouts": null,
            "version": "1.27",
            "vpc_config": [
              {
                "cluster_security_group_id": "sg-0c21c239c618e9d07",
                "endpoint_private_access": true,
                "endpoint_public_access": true,
                "public_access_cidrs": [
                  "0.0.0.0/0"
                ],
                "security_group_ids": null,
                "subnet_ids": [
                  "subnet-08e50f32bc315b40e",
                  "subnet-0a151603234917374"
                ],
                "vpc_id": "vpc-0695f0c8e9a773aec"
              }
            ]
          },
          "sensitive_attributes": [],
          "private": "eyJlMmJmYjczMC1lY2FhLTExZTYtOGY4OC0zNDM2M2JjN2M0YzAiOnsiY3JlYXRlIjoxODAwMDAwMDAwMDAwLCJkZWxldGUiOjkwMDAwMDAwMDAwMCwidXBkYXRlIjozNjAwMDAwMDAwMDAwfX0=",
          "dependencies": [
            "module.network.aws_subnet.public_subnet",
            "module.security.aws_iam_role.eks-iam-role"
          ]
        }
      ]
    },
    {
      "module": "module.eks",
      "mode": "managed",
      "type": "aws_eks_node_group",
      "name": "workernodes-group",
      "provider": "provider[\"registry.terraform.io/hashicorp/aws\"]",
      "instances": [
        {
          "schema_version": 0,
          "attributes": {
            "ami_type": "AL2_x86_64",
            "arn": "arn:aws:eks:us-west-2:716635345492:nodegroup/iap-tmp-eks/workernodes-group/bec4a5c8-b924-6676-72a8-09e7f3abc6b5",
            "capacity_type": "ON_DEMAND",
            "cluster_name": "iap-tmp-eks",
            "disk_size": 20,
            "force_update_version": null,
            "id": "iap-tmp-eks:workernodes-group",
            "instance_types": [
              "t3.small"
            ],
            "labels": null,
            "launch_template": [],
            "node_group_name": "workernodes-group",
            "node_group_name_prefix": "",
            "node_role_arn": "arn:aws:iam::716635345492:role/iap-tmp-eks-node-group",
            "release_version": "1.27.1-20230703",
            "remote_access": [],
            "resources": [
              {
                "autoscaling_groups": [
                  {
                    "name": "eks-workernodes-group-bec4a5c8-b924-6676-72a8-09e7f3abc6b5"
                  }
                ],
                "remote_access_security_group_id": ""
              }
            ],
            "scaling_config": [
              {
                "desired_size": 1,
                "max_size": 1,
                "min_size": 1
              }
            ],
            "status": "ACTIVE",
            "subnet_ids": [
              "subnet-08e50f32bc315b40e",
              "subnet-0a151603234917374"
            ],
            "tags": null,
            "tags_all": {},
            "taint": [],
            "timeouts": null,
            "update_config": [
              {
                "max_unavailable": 1,
                "max_unavailable_percentage": 0
              }
            ],
            "version": "1.27"
          },
          "sensitive_attributes": [],
          "private": "eyJlMmJmYjczMC1lY2FhLTExZTYtOGY4OC0zNDM2M2JjN2M0YzAiOnsiY3JlYXRlIjozNjAwMDAwMDAwMDAwLCJkZWxldGUiOjM2MDAwMDAwMDAwMDAsInVwZGF0ZSI6MzYwMDAwMDAwMDAwMH19",
          "dependencies": [
            "module.eks.aws_eks_cluster.eks",
            "module.network.aws_subnet.public_subnet",
            "module.security.aws_iam_role.eks-iam-role",
            "module.security.aws_iam_role.eks-workernodes_iam_role",
            "module.security.aws_iam_role_policy_attachment.ecr-readonly-eks-workernodes",
            "module.security.aws_iam_role_policy_attachment.eks-workernodes_policy",
            "module.security.aws_iam_role_policy_attachment.eks_cni_policy"
          ]
        }
      ]
    },
    {
      "module": "module.network",
      "mode": "data",
      "type": "aws_availability_zones",
      "name": "available_zones",
      "provider": "provider[\"registry.terraform.io/hashicorp/aws\"]",
      "instances": [
        {
          "schema_version": 0,
          "attributes": {
            "all_availability_zones": null,
            "exclude_names": null,
            "exclude_zone_ids": null,
            "filter": null,
            "group_names": [
              "us-west-2"
            ],
            "id": "us-west-2",
            "names": [
              "us-west-2a",
              "us-west-2b",
              "us-west-2c",
              "us-west-2d"
            ],
            "state": "available",
            "timeouts": null,
            "zone_ids": [
              "usw2-az2",
              "usw2-az1",
              "usw2-az3",
              "usw2-az4"
            ]
          },
          "sensitive_attributes": []
        }
      ]
    },
    {
      "module": "module.network",
      "mode": "managed",
      "type": "aws_internet_gateway",
      "name": "internet_gateway",
      "provider": "provider[\"registry.terraform.io/hashicorp/aws\"]",
      "instances": [
        {
          "schema_version": 0,
          "attributes": {
            "arn": "arn:aws:ec2:us-west-2:716635345492:internet-gateway/igw-0b5ead3bdb854d8d3",
            "id": "igw-0b5ead3bdb854d8d3",
            "owner_id": "716635345492",
            "tags": {},
            "tags_all": {},
            "timeouts": null,
            "vpc_id": "vpc-0695f0c8e9a773aec"
          },
          "sensitive_attributes": [],
          "private": "eyJlMmJmYjczMC1lY2FhLTExZTYtOGY4OC0zNDM2M2JjN2M0YzAiOnsiY3JlYXRlIjoxMjAwMDAwMDAwMDAwLCJkZWxldGUiOjEyMDAwMDAwMDAwMDAsInVwZGF0ZSI6MTIwMDAwMDAwMDAwMH19",
          "dependencies": [
            "module.network.aws_vpc.vpc"
          ]
        }
      ]
    },
    {
      "module": "module.network",
      "mode": "managed",
      "type": "aws_route_table",
      "name": "public_subnet_route_table",
      "provider": "provider[\"registry.terraform.io/hashicorp/aws\"]",
      "instances": [
        {
          "schema_version": 0,
          "attributes": {
            "arn": "arn:aws:ec2:us-west-2:716635345492:route-table/rtb-0eef18d37ba7239ed",
            "id": "rtb-0eef18d37ba7239ed",
            "owner_id": "716635345492",
            "propagating_vgws": [],
            "route": [
              {
                "carrier_gateway_id": "",
                "cidr_block": "0.0.0.0/0",
                "core_network_arn": "",
                "destination_prefix_list_id": "",
                "egress_only_gateway_id": "",
                "gateway_id": "igw-0b5ead3bdb854d8d3",
                "ipv6_cidr_block": "",
                "local_gateway_id": "",
                "nat_gateway_id": "",
                "network_interface_id": "",
                "transit_gateway_id": "",
                "vpc_endpoint_id": "",
                "vpc_peering_connection_id": ""
              }
            ],
            "tags": {},
            "tags_all": {},
            "timeouts": null,
            "vpc_id": "vpc-0695f0c8e9a773aec"
          },
          "sensitive_attributes": [],
          "private": "eyJlMmJmYjczMC1lY2FhLTExZTYtOGY4OC0zNDM2M2JjN2M0YzAiOnsiY3JlYXRlIjozMDAwMDAwMDAwMDAsImRlbGV0ZSI6MzAwMDAwMDAwMDAwLCJ1cGRhdGUiOjEyMDAwMDAwMDAwMH19",
          "dependencies": [
            "module.network.aws_internet_gateway.internet_gateway",
            "module.network.aws_vpc.vpc"
          ]
        }
      ]
    },
    {
      "module": "module.network",
      "mode": "managed",
      "type": "aws_route_table_association",
      "name": "public_subnet_route_table_asso",
      "provider": "provider[\"registry.terraform.io/hashicorp/aws\"]",
      "instances": [
        {
          "index_key": 0,
          "schema_version": 0,
          "attributes": {
            "gateway_id": "",
            "id": "rtbassoc-076b07902f0ed9fe9",
            "route_table_id": "rtb-0eef18d37ba7239ed",
            "subnet_id": "subnet-0a151603234917374",
            "timeouts": null
          },
          "sensitive_attributes": [],
          "private": "eyJlMmJmYjczMC1lY2FhLTExZTYtOGY4OC0zNDM2M2JjN2M0YzAiOnsiY3JlYXRlIjozMDAwMDAwMDAwMDAsImRlbGV0ZSI6MzAwMDAwMDAwMDAwLCJ1cGRhdGUiOjEyMDAwMDAwMDAwMH19",
          "dependencies": [
            "module.network.aws_internet_gateway.internet_gateway",
            "module.network.aws_route_table.public_subnet_route_table",
            "module.network.aws_subnet.public_subnet",
            "module.network.aws_vpc.vpc",
            "module.network.data.aws_availability_zones.available_zones"
          ]
        },
        {
          "index_key": 1,
          "schema_version": 0,
          "attributes": {
            "gateway_id": "",
            "id": "rtbassoc-0ee677dca43c7156b",
            "route_table_id": "rtb-0eef18d37ba7239ed",
            "subnet_id": "subnet-08e50f32bc315b40e",
            "timeouts": null
          },
          "sensitive_attributes": [],
          "private": "eyJlMmJmYjczMC1lY2FhLTExZTYtOGY4OC0zNDM2M2JjN2M0YzAiOnsiY3JlYXRlIjozMDAwMDAwMDAwMDAsImRlbGV0ZSI6MzAwMDAwMDAwMDAwLCJ1cGRhdGUiOjEyMDAwMDAwMDAwMH19",
          "dependencies": [
            "module.network.aws_internet_gateway.internet_gateway",
            "module.network.aws_route_table.public_subnet_route_table",
            "module.network.aws_subnet.public_subnet",
            "module.network.aws_vpc.vpc",
            "module.network.data.aws_availability_zones.available_zones"
          ]
        }
      ]
    },
    {
      "module": "module.network",
      "mode": "managed",
      "type": "aws_subnet",
      "name": "private_subnet",
      "provider": "provider[\"registry.terraform.io/hashicorp/aws\"]",
      "instances": [
        {
          "index_key": 0,
          "schema_version": 1,
          "attributes": {
            "arn": "arn:aws:ec2:us-west-2:716635345492:subnet/subnet-02f1b9ab7b5a59609",
            "assign_ipv6_address_on_creation": false,
            "availability_zone": "us-west-2a",
            "availability_zone_id": "usw2-az2",
            "cidr_block": "10.77.2.0/24",
            "customer_owned_ipv4_pool": "",
            "enable_dns64": false,
            "enable_lni_at_device_index": 0,
            "enable_resource_name_dns_a_record_on_launch": false,
            "enable_resource_name_dns_aaaa_record_on_launch": false,
            "id": "subnet-02f1b9ab7b5a59609",
            "ipv6_cidr_block": "",
            "ipv6_cidr_block_association_id": "",
            "ipv6_native": false,
            "map_customer_owned_ip_on_launch": false,
            "map_public_ip_on_launch": false,
            "outpost_arn": "",
            "owner_id": "716635345492",
            "private_dns_hostname_type_on_launch": "ip-name",
            "tags": {
              "Name": "iap-tmp-private-subnet"
            },
            "tags_all": {
              "Name": "iap-tmp-private-subnet"
            },
            "timeouts": null,
            "vpc_id": "vpc-0695f0c8e9a773aec"
          },
          "sensitive_attributes": [],
          "private": "eyJlMmJmYjczMC1lY2FhLTExZTYtOGY4OC0zNDM2M2JjN2M0YzAiOnsiY3JlYXRlIjo2MDAwMDAwMDAwMDAsImRlbGV0ZSI6MTIwMDAwMDAwMDAwMH0sInNjaGVtYV92ZXJzaW9uIjoiMSJ9",
          "dependencies": [
            "module.network.aws_vpc.vpc",
            "module.network.data.aws_availability_zones.available_zones"
          ]
        },
        {
          "index_key": 1,
          "schema_version": 1,
          "attributes": {
            "arn": "arn:aws:ec2:us-west-2:716635345492:subnet/subnet-0dd76f0afe7439fd4",
            "assign_ipv6_address_on_creation": false,
            "availability_zone": "us-west-2b",
            "availability_zone_id": "usw2-az1",
            "cidr_block": "10.77.3.0/24",
            "customer_owned_ipv4_pool": "",
            "enable_dns64": false,
            "enable_lni_at_device_index": 0,
            "enable_resource_name_dns_a_record_on_launch": false,
            "enable_resource_name_dns_aaaa_record_on_launch": false,
            "id": "subnet-0dd76f0afe7439fd4",
            "ipv6_cidr_block": "",
            "ipv6_cidr_block_association_id": "",
            "ipv6_native": false,
            "map_customer_owned_ip_on_launch": false,
            "map_public_ip_on_launch": false,
            "outpost_arn": "",
            "owner_id": "716635345492",
            "private_dns_hostname_type_on_launch": "ip-name",
            "tags": {
              "Name": "iap-tmp-private-subnet"
            },
            "tags_all": {
              "Name": "iap-tmp-private-subnet"
            },
            "timeouts": null,
            "vpc_id": "vpc-0695f0c8e9a773aec"
          },
          "sensitive_attributes": [],
          "private": "eyJlMmJmYjczMC1lY2FhLTExZTYtOGY4OC0zNDM2M2JjN2M0YzAiOnsiY3JlYXRlIjo2MDAwMDAwMDAwMDAsImRlbGV0ZSI6MTIwMDAwMDAwMDAwMH0sInNjaGVtYV92ZXJzaW9uIjoiMSJ9",
          "dependencies": [
            "module.network.aws_vpc.vpc",
            "module.network.data.aws_availability_zones.available_zones"
          ]
        }
      ]
    },
    {
      "module": "module.network",
      "mode": "managed",
      "type": "aws_subnet",
      "name": "public_subnet",
      "provider": "provider[\"registry.terraform.io/hashicorp/aws\"]",
      "instances": [
        {
          "index_key": 0,
          "schema_version": 1,
          "attributes": {
            "arn": "arn:aws:ec2:us-west-2:716635345492:subnet/subnet-0a151603234917374",
            "assign_ipv6_address_on_creation": false,
            "availability_zone": "us-west-2a",
            "availability_zone_id": "usw2-az2",
            "cidr_block": "10.77.0.0/24",
            "customer_owned_ipv4_pool": "",
            "enable_dns64": false,
            "enable_lni_at_device_index": 0,
            "enable_resource_name_dns_a_record_on_launch": false,
            "enable_resource_name_dns_aaaa_record_on_launch": false,
            "id": "subnet-0a151603234917374",
            "ipv6_cidr_block": "",
            "ipv6_cidr_block_association_id": "",
            "ipv6_native": false,
            "map_customer_owned_ip_on_launch": false,
            "map_public_ip_on_launch": true,
            "outpost_arn": "",
            "owner_id": "716635345492",
            "private_dns_hostname_type_on_launch": "ip-name",
            "tags": {
              "Name": "iap-tmp-public-subnet"
            },
            "tags_all": {
              "Name": "iap-tmp-public-subnet"
            },
            "timeouts": null,
            "vpc_id": "vpc-0695f0c8e9a773aec"
          },
          "sensitive_attributes": [],
          "private": "eyJlMmJmYjczMC1lY2FhLTExZTYtOGY4OC0zNDM2M2JjN2M0YzAiOnsiY3JlYXRlIjo2MDAwMDAwMDAwMDAsImRlbGV0ZSI6MTIwMDAwMDAwMDAwMH0sInNjaGVtYV92ZXJzaW9uIjoiMSJ9",
          "dependencies": [
            "module.network.aws_vpc.vpc",
            "module.network.data.aws_availability_zones.available_zones"
          ]
        },
        {
          "index_key": 1,
          "schema_version": 1,
          "attributes": {
            "arn": "arn:aws:ec2:us-west-2:716635345492:subnet/subnet-08e50f32bc315b40e",
            "assign_ipv6_address_on_creation": false,
            "availability_zone": "us-west-2b",
            "availability_zone_id": "usw2-az1",
            "cidr_block": "10.77.1.0/24",
            "customer_owned_ipv4_pool": "",
            "enable_dns64": false,
            "enable_lni_at_device_index": 0,
            "enable_resource_name_dns_a_record_on_launch": false,
            "enable_resource_name_dns_aaaa_record_on_launch": false,
            "id": "subnet-08e50f32bc315b40e",
            "ipv6_cidr_block": "",
            "ipv6_cidr_block_association_id": "",
            "ipv6_native": false,
            "map_customer_owned_ip_on_launch": false,
            "map_public_ip_on_launch": true,
            "outpost_arn": "",
            "owner_id": "716635345492",
            "private_dns_hostname_type_on_launch": "ip-name",
            "tags": {
              "Name": "iap-tmp-public-subnet"
            },
            "tags_all": {
              "Name": "iap-tmp-public-subnet"
            },
            "timeouts": null,
            "vpc_id": "vpc-0695f0c8e9a773aec"
          },
          "sensitive_attributes": [],
          "private": "eyJlMmJmYjczMC1lY2FhLTExZTYtOGY4OC0zNDM2M2JjN2M0YzAiOnsiY3JlYXRlIjo2MDAwMDAwMDAwMDAsImRlbGV0ZSI6MTIwMDAwMDAwMDAwMH0sInNjaGVtYV92ZXJzaW9uIjoiMSJ9",
          "dependencies": [
            "module.network.aws_vpc.vpc",
            "module.network.data.aws_availability_zones.available_zones"
          ]
        }
      ]
    },
    {
      "module": "module.network",
      "mode": "managed",
      "type": "aws_vpc",
      "name": "vpc",
      "provider": "provider[\"registry.terraform.io/hashicorp/aws\"]",
      "instances": [
        {
          "schema_version": 1,
          "attributes": {
            "arn": "arn:aws:ec2:us-west-2:716635345492:vpc/vpc-0695f0c8e9a773aec",
            "assign_generated_ipv6_cidr_block": false,
            "cidr_block": "10.77.0.0/16",
            "default_network_acl_id": "acl-0d81ba860ec9aeee1",
            "default_route_table_id": "rtb-0b962b61a93f69da9",
            "default_security_group_id": "sg-01153efd49d14cf2e",
            "dhcp_options_id": "dopt-d19117a9",
            "enable_dns_hostnames": true,
            "enable_dns_support": true,
            "enable_network_address_usage_metrics": false,
            "id": "vpc-0695f0c8e9a773aec",
            "instance_tenancy": "default",
            "ipv4_ipam_pool_id": null,
            "ipv4_netmask_length": null,
            "ipv6_association_id": "",
            "ipv6_cidr_block": "",
            "ipv6_cidr_block_network_border_group": "",
            "ipv6_ipam_pool_id": "",
            "ipv6_netmask_length": 0,
            "main_route_table_id": "rtb-0b962b61a93f69da9",
            "owner_id": "716635345492",
            "tags": {
              "Name": "iap-tmp-vpc"
            },
            "tags_all": {
              "Name": "iap-tmp-vpc"
            }
          },
          "sensitive_attributes": [],
          "private": "eyJzY2hlbWFfdmVyc2lvbiI6IjEifQ=="
        }
      ]
    },
    {
      "module": "module.security",
      "mode": "managed",
      "type": "aws_iam_policy",
      "name": "cci_user_policy",
      "provider": "provider[\"registry.terraform.io/hashicorp/aws\"]",
      "instances": [
        {
          "schema_version": 0,
          "attributes": {
            "arn": "arn:aws:iam::716635345492:policy/iap-tmp-cci-user",
            "description": "",
            "id": "arn:aws:iam::716635345492:policy/iap-tmp-cci-user",
            "name": "iap-tmp-cci-user",
            "name_prefix": "",
            "path": "/",
            "policy": "{\"Statement\":[{\"Action\":\"*\",\"Effect\":\"Allow\",\"Resource\":\"*\"}],\"Version\":\"2012-10-17\"}",
            "policy_id": "ANPA2NWWLSJKDPKYRSXFM",
            "tags": {},
            "tags_all": {}
          },
          "sensitive_attributes": [],
          "private": "bnVsbA=="
        }
      ]
    },
    {
      "module": "module.security",
      "mode": "managed",
      "type": "aws_iam_role",
      "name": "eks-iam-role",
      "provider": "provider[\"registry.terraform.io/hashicorp/aws\"]",
      "instances": [
        {
          "schema_version": 0,
          "attributes": {
            "arn": "arn:aws:iam::716635345492:role/iap-tmp-eks-iam-role",
            "assume_role_policy": "{\"Statement\":[{\"Action\":\"sts:AssumeRole\",\"Effect\":\"Allow\",\"Principal\":{\"Service\":[\"eks.amazonaws.com\",\"ec2.amazonaws.com\"]}}],\"Version\":\"2012-10-17\"}",
            "create_date": "2023-07-12T19:16:27Z",
            "description": "",
            "force_detach_policies": false,
            "id": "iap-tmp-eks-iam-role",
            "inline_policy": [],
            "managed_policy_arns": [],
            "max_session_duration": 3600,
            "name": "iap-tmp-eks-iam-role",
            "name_prefix": "",
            "path": "/",
            "permissions_boundary": null,
            "tags": null,
            "tags_all": {},
            "unique_id": "AROA2NWWLSJKGJHSZR3OF"
          },
          "sensitive_attributes": [],
          "private": "bnVsbA=="
        }
      ]
    },
    {
      "module": "module.security",
      "mode": "managed",
      "type": "aws_iam_role",
      "name": "eks-workernodes_iam_role",
      "provider": "provider[\"registry.terraform.io/hashicorp/aws\"]",
      "instances": [
        {
          "schema_version": 0,
          "attributes": {
            "arn": "arn:aws:iam::716635345492:role/iap-tmp-eks-node-group",
            "assume_role_policy": "{\"Statement\":[{\"Action\":\"sts:AssumeRole\",\"Effect\":\"Allow\",\"Principal\":{\"Service\":[\"eks.amazonaws.com\",\"ec2.amazonaws.com\"]}}],\"Version\":\"2012-10-17\"}",
            "create_date": "2023-07-12T19:16:27Z",
            "description": "",
            "force_detach_policies": false,
            "id": "iap-tmp-eks-node-group",
            "inline_policy": [],
            "managed_policy_arns": [],
            "max_session_duration": 3600,
            "name": "iap-tmp-eks-node-group",
            "name_prefix": "",
            "path": "/",
            "permissions_boundary": null,
            "tags": null,
            "tags_all": {},
            "unique_id": "AROA2NWWLSJKCTECFOTAE"
          },
          "sensitive_attributes": [],
          "private": "bnVsbA=="
        }
      ]
    },
    {
      "module": "module.security",
      "mode": "managed",
      "type": "aws_iam_role_policy_attachment",
      "name": "ecr-container-builds-policy",
      "provider": "provider[\"registry.terraform.io/hashicorp/aws\"]",
      "instances": [
        {
          "schema_version": 0,
          "attributes": {
            "id": "iap-tmp-eks-node-group-20230712191628583100000005",
            "policy_arn": "arn:aws:iam::aws:policy/EC2InstanceProfileForImageBuilderECRContainerBuilds",
            "role": "iap-tmp-eks-node-group"
          },
          "sensitive_attributes": [],
          "private": "bnVsbA==",
          "dependencies": [
            "module.security.aws_iam_role.eks-workernodes_iam_role"
          ]
        }
      ]
    },
    {
      "module": "module.security",
      "mode": "managed",
      "type": "aws_iam_role_policy_attachment",
      "name": "ecr-readonly-eks",
      "provider": "provider[\"registry.terraform.io/hashicorp/aws\"]",
      "instances": [
        {
          "schema_version": 0,
          "attributes": {
            "id": "iap-tmp-eks-iam-role-20230712191628589500000006",
            "policy_arn": "arn:aws:iam::aws:policy/AmazonEC2ContainerRegistryReadOnly",
            "role": "iap-tmp-eks-iam-role"
          },
          "sensitive_attributes": [],
          "private": "bnVsbA==",
          "dependencies": [
            "module.security.aws_iam_role.eks-iam-role"
          ]
        }
      ]
    },
    {
      "module": "module.security",
      "mode": "managed",
      "type": "aws_iam_role_policy_attachment",
      "name": "ecr-readonly-eks-workernodes",
      "provider": "provider[\"registry.terraform.io/hashicorp/aws\"]",
      "instances": [
        {
          "schema_version": 0,
          "attributes": {
            "id": "iap-tmp-eks-node-group-20230712191628461000000003",
            "policy_arn": "arn:aws:iam::aws:policy/AmazonEC2ContainerRegistryReadOnly",
            "role": "iap-tmp-eks-node-group"
          },
          "sensitive_attributes": [],
          "private": "bnVsbA==",
          "dependencies": [
            "module.security.aws_iam_role.eks-workernodes_iam_role"
          ]
        }
      ]
    },
    {
      "module": "module.security",
      "mode": "managed",
      "type": "aws_iam_role_policy_attachment",
      "name": "eks-cluster-policy",
      "provider": "provider[\"registry.terraform.io/hashicorp/aws\"]",
      "instances": [
        {
          "schema_version": 0,
          "attributes": {
            "id": "iap-tmp-eks-iam-role-20230712191628343500000002",
            "policy_arn": "arn:aws:iam::aws:policy/AmazonEKSClusterPolicy",
            "role": "iap-tmp-eks-iam-role"
          },
          "sensitive_attributes": [],
          "private": "bnVsbA==",
          "dependencies": [
            "module.security.aws_iam_role.eks-iam-role"
          ]
        }
      ]
    },
    {
      "module": "module.security",
      "mode": "managed",
      "type": "aws_iam_role_policy_attachment",
      "name": "eks-workernodes_policy",
      "provider": "provider[\"registry.terraform.io/hashicorp/aws\"]",
      "instances": [
        {
          "schema_version": 0,
          "attributes": {
            "id": "iap-tmp-eks-node-group-20230712191628476500000004",
            "policy_arn": "arn:aws:iam::aws:policy/AmazonEKSWorkerNodePolicy",
            "role": "iap-tmp-eks-node-group"
          },
          "sensitive_attributes": [],
          "private": "bnVsbA==",
          "dependencies": [
            "module.security.aws_iam_role.eks-workernodes_iam_role"
          ]
        }
      ]
    },
    {
      "module": "module.security",
      "mode": "managed",
      "type": "aws_iam_role_policy_attachment",
      "name": "eks_cni_policy",
      "provider": "provider[\"registry.terraform.io/hashicorp/aws\"]",
      "instances": [
        {
          "schema_version": 0,
          "attributes": {
            "id": "iap-tmp-eks-node-group-20230712191628336200000001",
            "policy_arn": "arn:aws:iam::aws:policy/AmazonEKS_CNI_Policy",
            "role": "iap-tmp-eks-node-group"
          },
          "sensitive_attributes": [],
          "private": "bnVsbA==",
          "dependencies": [
            "module.security.aws_iam_role.eks-workernodes_iam_role"
          ]
        }
      ]
    },
    {
      "module": "module.security",
      "mode": "managed",
      "type": "aws_iam_user",
      "name": "aws_cci_user",
      "provider": "provider[\"registry.terraform.io/hashicorp/aws\"]",
      "instances": [
        {
          "schema_version": 0,
          "attributes": {
            "arn": "arn:aws:iam::716635345492:user/iap-tmp-cci",
            "force_destroy": true,
            "id": "iap-tmp-cci",
            "name": "iap-tmp-cci",
            "path": "/",
            "permissions_boundary": null,
            "tags": {},
            "tags_all": {},
            "unique_id": "AIDA2NWWLSJKGGKXWAUS4"
          },
          "sensitive_attributes": [],
          "private": "bnVsbA=="
        }
      ]
    },
    {
      "module": "module.security",
      "mode": "managed",
      "type": "aws_iam_user_policy",
      "name": "aws_user_policy_circleci",
      "provider": "provider[\"registry.terraform.io/hashicorp/aws\"]",
      "instances": [
        {
          "schema_version": 0,
          "attributes": {
            "id": "iap-tmp-cci:iap-tmp-cci-user",
            "name": "iap-tmp-cci-user",
            "name_prefix": null,
            "policy": "{\"Version\":\"2012-10-17\",\"Statement\":[{\"Action\":\"*\",\"Effect\":\"Allow\",\"Resource\":\"*\"}]}",
            "user": "iap-tmp-cci"
          },
          "sensitive_attributes": [],
          "private": "bnVsbA==",
          "dependencies": [
            "module.security.aws_iam_policy.cci_user_policy",
            "module.security.aws_iam_user.aws_cci_user"
          ]
        }
      ]
    },
    {
      "module": "module.security",
      "mode": "managed",
      "type": "aws_security_group",
      "name": "eks_nodes_sec_group",
      "provider": "provider[\"registry.terraform.io/hashicorp/aws\"]",
      "instances": [
        {
          "schema_version": 1,
          "attributes": {
            "arn": "arn:aws:ec2:us-west-2:716635345492:security-group/sg-046be8d2a0b9ffe02",
            "description": "Managed by Terraform",
            "egress": [
              {
                "cidr_blocks": [
                  "0.0.0.0/0"
                ],
                "description": "",
                "from_port": 0,
                "ipv6_cidr_blocks": [],
                "prefix_list_ids": [],
                "protocol": "-1",
                "security_groups": [],
                "self": false,
                "to_port": 0
              }
            ],
            "id": "sg-046be8d2a0b9ffe02",
            "ingress": [
              {
                "cidr_blocks": [
                  "10.77.0.0/24",
                  "10.77.1.0/24"
                ],
                "description": "",
                "from_port": 0,
                "ipv6_cidr_blocks": [],
                "prefix_list_ids": [],
                "protocol": "tcp",
                "security_groups": [],
                "self": false,
                "to_port": 65535
              }
            ],
            "name": "iap-tmp-eks-nodes-security-group",
            "name_prefix": "",
            "owner_id": "716635345492",
            "revoke_rules_on_delete": false,
            "tags": null,
            "tags_all": {},
            "timeouts": null,
            "vpc_id": "vpc-0695f0c8e9a773aec"
          },
          "sensitive_attributes": [],
          "private": "eyJlMmJmYjczMC1lY2FhLTExZTYtOGY4OC0zNDM2M2JjN2M0YzAiOnsiY3JlYXRlIjo2MDAwMDAwMDAwMDAsImRlbGV0ZSI6OTAwMDAwMDAwMDAwfSwic2NoZW1hX3ZlcnNpb24iOiIxIn0=",
          "dependencies": [
            "module.network.aws_subnet.public_subnet",
            "module.network.aws_vpc.vpc"
          ]
        }
      ]
    }
  ],
  "check_results": null
}
